# THIS IS AN AUTOGENERATED FILE. DO NOT EDIT THIS FILE DIRECTLY.
# yarn lockfile v1


"@babel/runtime@^7.21.0":
  version "7.23.9"
  resolved "https://registry.yarnpkg.com/@babel/runtime/-/runtime-7.23.9.tgz#47791a15e4603bb5f905bc0753801cf21d6345f7"
  integrity sha512-0CX6F+BI2s9dkUqr08KFrAIZgNFj75rdBU/DjCyYLIaV/quFjkk6T+EJ2LkZHyZTbEV4L5p97mNkUsHl2wLFAw==
  dependencies:
    regenerator-runtime "^0.14.0"

"@hotwired/stimulus@^3.0.0", "@hotwired/stimulus@^3.0.1", "@hotwired/stimulus@^3.2.2":
  version "3.2.2"
  resolved "https://registry.yarnpkg.com/@hotwired/stimulus/-/stimulus-3.2.2.tgz#071aab59c600fed95b97939e605ff261a4251608"
  integrity sha512-eGeIqNOQpXoPAIP7tC1+1Yc1yl1xnwYqg+3mzqxyrbE5pg5YFBZcA6YoTiByJB6DKAEsiWtl6tjTJS4IYtbB7A==

"@stimulus-library/controllers@^1.0.6":
  version "1.0.6"
  resolved "https://registry.yarnpkg.com/@stimulus-library/controllers/-/controllers-1.0.6.tgz#8122303e6dfa1139abda15e5aa41b81ce303bedf"
  integrity sha512-cdA4NmiHI2oLImHcphtJnVmhxQ2Krz2Nh85UlXez0US9OS50SiVkxe+nAajt0eJ5o6HHfrr5SUxiUilQqlK90g==
  dependencies:
    "@stimulus-library/mixins" "^1.0.5"
    "@stimulus-library/utilities" "^1.0.5"
    date-fns "^2.29.3"

"@stimulus-library/mixins@^1.0.5":
  version "1.0.5"
  resolved "https://registry.yarnpkg.com/@stimulus-library/mixins/-/mixins-1.0.5.tgz#4b8834e7279978caf4ea277735d40c350b1e56f2"
  integrity sha512-saPVDcYVMTFAebaRJ4IAoNdEnfJpMIQxMgQf/CNugEDbxQb6+r7ZEIW3AmXedkKda3roN8TKrL7nUacXWxaz5Q==
  dependencies:
    "@hotwired/stimulus" "^3.0.0"
    "@stimulus-library/utilities" "^1.0.5"

"@stimulus-library/utilities@^1.0.2", "@stimulus-library/utilities@^1.0.5":
  version "1.0.5"
  resolved "https://registry.yarnpkg.com/@stimulus-library/utilities/-/utilities-1.0.5.tgz#8f790e1f13e64553c0bce617f6f3b56b7be77422"
  integrity sha512-cTJk4OQwMy+VaXhSRszfZuIgt2GY49fn3IzktS15IV2qdVsaxF66mIdbuYRJgdIpMsQzQ/1gW5iS2P10iDpFpg==
  dependencies:
    "@hotwired/stimulus" "^3.0.0"
    "@stimulus-library/utilities" "^1.0.2"
    mitt "^3.0.0"

"@vytant/stimulus-decorators@^1.1.0":
  version "1.1.0"
  resolved "https://registry.yarnpkg.com/@vytant/stimulus-decorators/-/stimulus-decorators-1.1.0.tgz#3d8a202c73fe952f6f674191487aae5483841fd4"
  integrity sha512-6vQiXRSozjLOw3lfeZbTplQL5d0o09U2saGa6tKsUP9eGXAfjxRTxFjdiL+6UclOhdAg4k0tvW1n+1DXdFWQZQ==
  dependencies:
    "@hotwired/stimulus" "^3.0.0"
    reflect-metadata "^0.1.13"

date-fns@^2.29.3:
  version "2.30.0"
  resolved "https://registry.yarnpkg.com/date-fns/-/date-fns-2.30.0.tgz#f367e644839ff57894ec6ac480de40cae4b0f4d0"
  integrity sha512-fnULvOpxnC5/Vg3NCiWelDsLiUc9bRwAPs/+LfTLNvetFCtCTN+yQz15C/fs4AwX1R9K5GLtLfn8QW+dWisaAw==
  dependencies:
    "@babel/runtime" "^7.21.0"

hotkeys-js@>=3, hotkeys-js@^3.8.7:
  version "3.13.7"
  resolved "https://registry.yarnpkg.com/hotkeys-js/-/hotkeys-js-3.13.7.tgz#0188d8e2fca16a3f1d66541b48de0bb9df613726"
  integrity sha512-ygFIdTqqwG4fFP7kkiYlvayZppeIQX2aPpirsngkv1xM1lP0piDY5QEh68nQnIKvz64hfocxhBaD/uK3sSK1yQ==

mitt@^3.0.0:
  version "3.0.1"
  resolved "https://registry.yarnpkg.com/mitt/-/mitt-3.0.1.tgz#ea36cf0cc30403601ae074c8f77b7092cdab36d1"
  integrity sha512-vKivATfr97l2/QBCYAkXYDbrIWPM2IIKEl7YPhjCvKlG3kE2gm+uBo6nEXK3M5/Ffh/FLpKExzOQ3JJoJGFKBw==

reflect-metadata@^0.1.13:
  version "0.1.14"
  resolved "https://registry.yarnpkg.com/reflect-metadata/-/reflect-metadata-0.1.14.tgz#24cf721fe60677146bb77eeb0e1f9dece3d65859"
  integrity sha512-ZhYeb6nRaXCfhnndflDK8qI6ZQ/YcWZCISRAWICW9XYqMUwjZM9Z0DveWX/ABN01oxSHwVxKQmxeYZSsm0jh5A==

regenerator-runtime@^0.14.0:
  version "0.14.1"
  resolved "https://registry.yarnpkg.com/regenerator-runtime/-/regenerator-runtime-0.14.1.tgz#356ade10263f685dda125100cd862c1db895327f"
  integrity sha512-dYnhHh0nJoMfnkZs6GmmhFknAGRrLznOu5nc9ML+EJxGvrx6H7teuevqVqCuPcPK//3eDrrjQhehXVx9cnkGdw==

stimulus-checkbox@^2.0.0:
  version "2.0.0"
  resolved "https://registry.yarnpkg.com/stimulus-checkbox/-/stimulus-checkbox-2.0.0.tgz#ee4908ca6263556f0015eb36495ddf70611bca56"
  integrity sha512-tuflIcPariCD6Ju/qoRXLbZR+f5FiZKVHYCA3Qj6i3PVqhYG0pgEYCPBKT3bmbSIZsAfK9Xc1pi+zryqlfjl0g==
  dependencies:
    "@hotwired/stimulus" "^3.2.2"

stimulus-clipboard@^4.0.1:
  version "4.0.1"
  resolved "https://registry.yarnpkg.com/stimulus-clipboard/-/stimulus-clipboard-4.0.1.tgz#acc9212b479fedc633ecdec8f191a28c1d826a6b"
  integrity sha512-dem+ihC3Q8+gbyGINdd+dK+9d5vUTnOwoH+n3KcDJvbxrFcq9lV8mWjyhEaDquGxYy3MmqSdz9FHQbG88TBqGg==

stimulus-datepicker@^1.0.6:
  version "1.0.6"
  resolved "https://registry.yarnpkg.com/stimulus-datepicker/-/stimulus-datepicker-1.0.6.tgz#64eb8895a8aae902fd60b672f3c957a7f9b42158"
  integrity sha512-MP2WcmibFTqb76iRLEP/TC32FKmU9Ca6xeptQiov6v8PivgZ1YMGmr7fb34zrdTHiwVHgzjxTm/6oP5kis1iuQ==

stimulus-dropdown@^2.1.0:
  version "2.1.0"
  resolved "https://registry.yarnpkg.com/stimulus-dropdown/-/stimulus-dropdown-2.1.0.tgz#22f15cd1dc247e08f04c3f95d7ab9d8102602a07"
  integrity sha512-p4Bs56/ilB2E0lfFaNajKIHZK1PMUUDnhDl74f97bn087fxIfRB7WQekVtTTWJdRlf3EIgSsDX7K1TsaLiIcLg==
  dependencies:
    stimulus-use "^0.51.1"

stimulus-hotkeys@^2.3.0:
  version "2.3.0"
  resolved "https://registry.yarnpkg.com/stimulus-hotkeys/-/stimulus-hotkeys-2.3.0.tgz#95e5c25cc47ca4eaa82a65831d57dae8cc97640a"
  integrity sha512-oDQu7yrrEAsu3ohFAI1E7hNMIn/4IGLtGlyRoAds0Q3JO509Ua0MhoQkBYl0ZdVOMOKTZchjjIDhT2pNUaZHWQ==
  dependencies:
    "@hotwired/stimulus" "^3.0.1"
    hotkeys-js "^3.8.7"

stimulus-inline-input-validations@^1.2.0:
  version "1.2.0"
  resolved "https://registry.yarnpkg.com/stimulus-inline-input-validations/-/stimulus-inline-input-validations-1.2.0.tgz#5d8893e3f330044214e761cca2a73dcb715bb68a"
  integrity sha512-3TVEmM9YBsVJdW2boux7C50+mnfikH0cMJ38ZinKmbVfXnGR1Sdyaweqe3FPOU8o2ktmWSRzYzk1n63y3hls8w==

stimulus-use@^0.51.1:
  version "0.51.3"
  resolved "https://registry.yarnpkg.com/stimulus-use/-/stimulus-use-0.51.3.tgz#d7ac671aff8d0db253296dec89d38aa6f4b27e2a"
  integrity sha512-V4YETxMFL4/bpmcqlwFtaOaJg9sLF+XlWsvXrsoWVA5jffsqe7uAvV6gGPPQta7Hgx01vovA0yNsWUe2eU9Jmw==
  dependencies:
    hotkeys-js ">=3"

stimulus-use@^0.52.2:
  version "0.52.2"
  resolved "https://registry.yarnpkg.com/stimulus-use/-/stimulus-use-0.52.2.tgz#fc992fababe03f8d8bc2d9470c8cdb40bd075917"
  integrity sha512-413+tIw9n6Jnb0OFiQE1i3aP01i0hhGgAnPp1P6cNuBbhhqG2IOp8t1O/4s5Tw2lTvSYrFeLNdaY8sYlDaULeg==

tailwindcss-stimulus-components@^4.0.4:
  version "4.0.4"
  resolved "https://registry.yarnpkg.com/tailwindcss-stimulus-components/-/tailwindcss-stimulus-components-4.0.4.tgz#1df5f2a488aa89365561bb33357095cd59ed831a"
  integrity sha512-xNlMs1WufKiTMQtVklwHfrR/iuPVaFA0Mk5uefRnHztmr7w4g6BzKAWHyfte60pjhcQbmlbshHMOZiq/dkXnhw==
