# THIS IS AN AUTOGENERATED FILE. DO NOT EDIT THIS FILE DIRECTLY.
# yarn lockfile v1


hotkeys-js@>=3:
  version "3.13.7"
  resolved "https://registry.yarnpkg.com/hotkeys-js/-/hotkeys-js-3.13.7.tgz#0188d8e2fca16a3f1d66541b48de0bb9df613726"
  integrity sha512-ygFIdTqqwG4fFP7kkiYlvayZppeIQX2aPpirsngkv1xM1lP0piDY5QEh68nQnIKvz64hfocxhBaD/uK3sSK1yQ==

stimulus-dropdown@^2.1.0:
  version "2.1.0"
  resolved "https://registry.yarnpkg.com/stimulus-dropdown/-/stimulus-dropdown-2.1.0.tgz#22f15cd1dc247e08f04c3f95d7ab9d8102602a07"
  integrity sha512-p4Bs56/ilB2E0lfFaNajKIHZK1PMUUDnhDl74f97bn087fxIfRB7WQekVtTTWJdRlf3EIgSsDX7K1TsaLiIcLg==
  dependencies:
    stimulus-use "^0.51.1"

stimulus-use@^0.51.1:
  version "0.51.3"
  resolved "https://registry.yarnpkg.com/stimulus-use/-/stimulus-use-0.51.3.tgz#d7ac671aff8d0db253296dec89d38aa6f4b27e2a"
  integrity sha512-V4YETxMFL4/bpmcqlwFtaOaJg9sLF+XlWsvXrsoWVA5jffsqe7uAvV6gGPPQta7Hgx01vovA0yNsWUe2eU9Jmw==
  dependencies:
    hotkeys-js ">=3"
