# THIS IS AN AUTOGENERATED FILE. DO NOT EDIT THIS FILE DIRECTLY.
# yarn lockfile v1


tailwindcss-stimulus-components@^4.0.4:
  version "4.0.4"
  resolved "https://registry.yarnpkg.com/tailwindcss-stimulus-components/-/tailwindcss-stimulus-components-4.0.4.tgz#1df5f2a488aa89365561bb33357095cd59ed831a"
  integrity sha512-xNlMs1WufKiTMQtVklwHfrR/iuPVaFA0Mk5uefRnHztmr7w4g6BzKAWHyfte60pjhcQbmlbshHMOZiq/dkXnhw==
