# THIS IS AN AUTOGENERATED FILE. DO NOT EDIT THIS FILE DIRECTLY.
# yarn lockfile v1


"@hotwired/stimulus@^3.2.2":
  version "3.2.2"
  resolved "https://registry.yarnpkg.com/@hotwired/stimulus/-/stimulus-3.2.2.tgz#071aab59c600fed95b97939e605ff261a4251608"
  integrity sha512-eGeIqNOQpXoPAIP7tC1+1Yc1yl1xnwYqg+3mzqxyrbE5pg5YFBZcA6YoTiByJB6DKAEsiWtl6tjTJS4IYtbB7A==

"@rollup/plugin-node-resolve@^15.2.3":
  version "15.2.3"
  resolved "https://registry.yarnpkg.com/@rollup/plugin-node-resolve/-/plugin-node-resolve-15.2.3.tgz#e5e0b059bd85ca57489492f295ce88c2d4b0daf9"
  integrity sha512-j/lym8nf5E21LwBT4Df1VD6hRO2L2iwUeUmP7litikRsVp1H6NWx20NEp0Y7su+7XGc476GnXXc4kFeZNGmaSQ==
  dependencies:
    "@rollup/pluginutils" "^5.0.1"
    "@types/resolve" "1.20.2"
    deepmerge "^4.2.2"
    is-builtin-module "^3.2.1"
    is-module "^1.0.0"
    resolve "^1.22.1"

"@rollup/pluginutils@^5.0.1":
  version "5.1.0"
  resolved "https://registry.yarnpkg.com/@rollup/pluginutils/-/pluginutils-5.1.0.tgz#7e53eddc8c7f483a4ad0b94afb1f7f5fd3c771e0"
  integrity sha512-XTIWOPPcpvyKI6L1NHo0lFlCyznUEyPmPY1mc3KpPVDYulHSTvyeLNVW00QTLIAFNhR3kYnJTQHeGqU4M3n09g==
  dependencies:
    "@types/estree" "^1.0.0"
    estree-walker "^2.0.2"
    picomatch "^2.3.1"

"@rollup/rollup-android-arm-eabi@4.11.0":
  version "4.11.0"
  resolved "https://registry.yarnpkg.com/@rollup/rollup-android-arm-eabi/-/rollup-android-arm-eabi-4.11.0.tgz#78693f843483a511bce6ce1d8a153a49f4cbab87"
  integrity sha512-BV+u2QSfK3i1o6FucqJh5IK9cjAU6icjFFhvknzFgu472jzl0bBojfDAkJLBEsHFMo+YZg6rthBvBBt8z12IBQ==

"@rollup/rollup-android-arm64@4.11.0":
  version "4.11.0"
  resolved "https://registry.yarnpkg.com/@rollup/rollup-android-arm64/-/rollup-android-arm64-4.11.0.tgz#772cb1856f720863d982c17f25d3fbb930c946d3"
  integrity sha512-0ij3iw7sT5jbcdXofWO2NqDNjSVVsf6itcAkV2I6Xsq4+6wjW1A8rViVB67TfBEan7PV2kbLzT8rhOVWLI2YXw==

"@rollup/rollup-darwin-arm64@4.11.0":
  version "4.11.0"
  resolved "https://registry.yarnpkg.com/@rollup/rollup-darwin-arm64/-/rollup-darwin-arm64-4.11.0.tgz#cac4aac05432ac684a6c6c5788e8db738e047a22"
  integrity sha512-yPLs6RbbBMupArf6qv1UDk6dzZvlH66z6NLYEwqTU0VHtss1wkI4UYeeMS7TVj5QRVvaNAWYKP0TD/MOeZ76Zg==

"@rollup/rollup-darwin-x64@4.11.0":
  version "4.11.0"
  resolved "https://registry.yarnpkg.com/@rollup/rollup-darwin-x64/-/rollup-darwin-x64-4.11.0.tgz#e36d66c6b2d4d716c94926a375d6865b0c0c9c02"
  integrity sha512-OvqIgwaGAwnASzXaZEeoJY3RltOFg+WUbdkdfoluh2iqatd090UeOG3A/h0wNZmE93dDew9tAtXgm3/+U/B6bw==

"@rollup/rollup-linux-arm-gnueabihf@4.11.0":
  version "4.11.0"
  resolved "https://registry.yarnpkg.com/@rollup/rollup-linux-arm-gnueabihf/-/rollup-linux-arm-gnueabihf-4.11.0.tgz#f7cc62debb348fb109724c882b99adc5c3f73e31"
  integrity sha512-X17s4hZK3QbRmdAuLd2EE+qwwxL8JxyVupEqAkxKPa/IgX49ZO+vf0ka69gIKsaYeo6c1CuwY3k8trfDtZ9dFg==

"@rollup/rollup-linux-arm64-gnu@4.11.0":
  version "4.11.0"
  resolved "https://registry.yarnpkg.com/@rollup/rollup-linux-arm64-gnu/-/rollup-linux-arm64-gnu-4.11.0.tgz#ed398c7434734101e77a1fd0b05682b2c2027ecd"
  integrity sha512-673Lu9EJwxVB9NfYeA4AdNu0FOHz7g9t6N1DmT7bZPn1u6bTF+oZjj+fuxUcrfxWXE0r2jxl5QYMa9cUOj9NFg==

"@rollup/rollup-linux-arm64-musl@4.11.0":
  version "4.11.0"
  resolved "https://registry.yarnpkg.com/@rollup/rollup-linux-arm64-musl/-/rollup-linux-arm64-musl-4.11.0.tgz#4860560d18d9f18568859a800b1e79fe3b85df9e"
  integrity sha512-yFW2msTAQNpPJaMmh2NpRalr1KXI7ZUjlN6dY/FhWlOclMrZezm5GIhy3cP4Ts2rIAC+IPLAjNibjp1BsxCVGg==

"@rollup/rollup-linux-riscv64-gnu@4.11.0":
  version "4.11.0"
  resolved "https://registry.yarnpkg.com/@rollup/rollup-linux-riscv64-gnu/-/rollup-linux-riscv64-gnu-4.11.0.tgz#25bc0e9dbd5feab0b6fa68b2b87ce5f28a8a7c19"
  integrity sha512-kKT9XIuhbvYgiA3cPAGntvrBgzhWkGpBMzuk1V12Xuoqg7CI41chye4HU0vLJnGf9MiZzfNh4I7StPeOzOWJfA==

"@rollup/rollup-linux-x64-gnu@4.11.0":
  version "4.11.0"
  resolved "https://registry.yarnpkg.com/@rollup/rollup-linux-x64-gnu/-/rollup-linux-x64-gnu-4.11.0.tgz#8c318d9c33a89cf9f917a1be90b0d8c75e0ab3ba"
  integrity sha512-6q4ESWlyTO+erp1PSCmASac+ixaDv11dBk1fqyIuvIUc/CmRAX2Zk+2qK1FGo5q7kyDcjHCFVwgGFCGIZGVwCA==

"@rollup/rollup-linux-x64-musl@4.11.0":
  version "4.11.0"
  resolved "https://registry.yarnpkg.com/@rollup/rollup-linux-x64-musl/-/rollup-linux-x64-musl-4.11.0.tgz#132cf0787c966b3b22cf4475706fc4cb08ec880c"
  integrity sha512-vIAQUmXeMLmaDN78HSE4Kh6xqof2e3TJUKr+LPqXWU4NYNON0MDN9h2+t4KHrPAQNmU3w1GxBQ/n01PaWFwa5w==

"@rollup/rollup-win32-arm64-msvc@4.11.0":
  version "4.11.0"
  resolved "https://registry.yarnpkg.com/@rollup/rollup-win32-arm64-msvc/-/rollup-win32-arm64-msvc-4.11.0.tgz#18e49376786def75843e605bdc8059a301c11dad"
  integrity sha512-LVXo9dDTGPr0nezMdqa1hK4JeoMZ02nstUxGYY/sMIDtTYlli1ZxTXBYAz3vzuuvKO4X6NBETciIh7N9+abT1g==

"@rollup/rollup-win32-ia32-msvc@4.11.0":
  version "4.11.0"
  resolved "https://registry.yarnpkg.com/@rollup/rollup-win32-ia32-msvc/-/rollup-win32-ia32-msvc-4.11.0.tgz#ff9281d8b189436b7c234a52e7e0b635631c8667"
  integrity sha512-xZVt6K70Gr3I7nUhug2dN6VRR1ibot3rXqXS3wo+8JP64t7djc3lBFyqO4GiVrhNaAIhUCJtwQ/20dr0h0thmQ==

"@rollup/rollup-win32-x64-msvc@4.11.0":
  version "4.11.0"
  resolved "https://registry.yarnpkg.com/@rollup/rollup-win32-x64-msvc/-/rollup-win32-x64-msvc-4.11.0.tgz#a59158f78d07cd3ac15092ffca2f0319f3bb69f6"
  integrity sha512-f3I7h9oTg79UitEco9/2bzwdciYkWr8pITs3meSDSlr1TdvQ7IxkQaaYN2YqZXX5uZhiYL+VuYDmHwNzhx+HOg==

"@types/estree@1.0.5", "@types/estree@^1.0.0":
  version "1.0.5"
  resolved "https://registry.yarnpkg.com/@types/estree/-/estree-1.0.5.tgz#a6ce3e556e00fd9895dd872dd172ad0d4bd687f4"
  integrity sha512-/kYRxGDLWzHOB7q+wtSUQlFrtcdUccpfy+X+9iMBpHK8QLLhx2wIPYuS5DYtR9Wa/YlZAbIovy7qVdB1Aq6Lyw==

"@types/resolve@1.20.2":
  version "1.20.2"
  resolved "https://registry.yarnpkg.com/@types/resolve/-/resolve-1.20.2.tgz#97d26e00cd4a0423b4af620abecf3e6f442b7975"
  integrity sha512-60BCwRFOZCQhDncwQdxxeOEEkbc5dIMccYLwbxsS4TUNeVECQ/pBJ0j09mrHOl/JJvpRPGwO9SvE4nR2Nb/a4Q==

builtin-modules@^3.3.0:
  version "3.3.0"
  resolved "https://registry.yarnpkg.com/builtin-modules/-/builtin-modules-3.3.0.tgz#cae62812b89801e9656336e46223e030386be7b6"
  integrity sha512-zhaCDicdLuWN5UbN5IMnFqNMhNfo919sH85y2/ea+5Yg9TsTkeZxpL+JLbp6cgYFS4sRLp3YV4S6yDuqVWHYOw==

deepmerge@^4.2.2:
  version "4.3.1"
  resolved "https://registry.yarnpkg.com/deepmerge/-/deepmerge-4.3.1.tgz#44b5f2147cd3b00d4b56137685966f26fd25dd4a"
  integrity sha512-3sUqbMEc77XqpdNO7FRyRog+eW3ph+GYCbj+rK+uYyRMuwsVy0rMiVtPn+QJlKFvWP/1PYpapqYn0Me2knFn+A==

estree-walker@^2.0.2:
  version "2.0.2"
  resolved "https://registry.yarnpkg.com/estree-walker/-/estree-walker-2.0.2.tgz#52f010178c2a4c117a7757cfe942adb7d2da4cac"
  integrity sha512-Rfkk/Mp/DL7JVje3u18FxFujQlTNR2q6QfMSMB7AvCBx91NGj/ba3kCfza0f6dVDbw7YlRf/nDrn7pQrCCyQ/w==

fsevents@~2.3.2:
  version "2.3.3"
  resolved "https://registry.yarnpkg.com/fsevents/-/fsevents-2.3.3.tgz#cac6407785d03675a2a5e1a5305c697b347d90d6"
  integrity sha512-5xoDfX+fL7faATnagmWPpbFtwh/R77WmMMqqHGS65C3vvB0YHrgF+B1YmZ3441tMj5n63k0212XNoJwzlhffQw==

function-bind@^1.1.2:
  version "1.1.2"
  resolved "https://registry.yarnpkg.com/function-bind/-/function-bind-1.1.2.tgz#2c02d864d97f3ea6c8830c464cbd11ab6eab7a1c"
  integrity sha512-7XHNxH7qX9xG5mIwxkhumTox/MIRNcOgDrxWsMt2pAr23WHp6MrRlN7FBSFpCpr+oVO0F744iUgR82nJMfG2SA==

hasown@^2.0.0:
  version "2.0.1"
  resolved "https://registry.yarnpkg.com/hasown/-/hasown-2.0.1.tgz#26f48f039de2c0f8d3356c223fb8d50253519faa"
  integrity sha512-1/th4MHjnwncwXsIW6QMzlvYL9kG5e/CpVvLRZe4XPa8TOUNbCELqmvhDmnkNsAjwaG4+I8gJJL0JBvTTLO9qA==
  dependencies:
    function-bind "^1.1.2"

is-builtin-module@^3.2.1:
  version "3.2.1"
  resolved "https://registry.yarnpkg.com/is-builtin-module/-/is-builtin-module-3.2.1.tgz#f03271717d8654cfcaf07ab0463faa3571581169"
  integrity sha512-BSLE3HnV2syZ0FK0iMA/yUGplUeMmNz4AW5fnTunbCIqZi4vG3WjJT9FHMy5D69xmAYBHXQhJdALdpwVxV501A==
  dependencies:
    builtin-modules "^3.3.0"

is-core-module@^2.13.0:
  version "2.13.1"
  resolved "https://registry.yarnpkg.com/is-core-module/-/is-core-module-2.13.1.tgz#ad0d7532c6fea9da1ebdc82742d74525c6273384"
  integrity sha512-hHrIjvZsftOsvKSn2TRYl63zvxsgE0K+0mYMoH6gD4omR5IWB2KynivBQczo3+wF1cCkjzvptnI9Q0sPU66ilw==
  dependencies:
    hasown "^2.0.0"

is-module@^1.0.0:
  version "1.0.0"
  resolved "https://registry.yarnpkg.com/is-module/-/is-module-1.0.0.tgz#3258fb69f78c14d5b815d664336b4cffb6441591"
  integrity sha512-51ypPSPCoTEIN9dy5Oy+h4pShgJmPCygKfyRCISBI+JoWT/2oJvK8QPxmwv7b/p239jXrm9M1mlQbyKJ5A152g==

path-parse@^1.0.7:
  version "1.0.7"
  resolved "https://registry.yarnpkg.com/path-parse/-/path-parse-1.0.7.tgz#fbc114b60ca42b30d9daf5858e4bd68bbedb6735"
  integrity sha512-LDJzPVEEEPR+y48z93A0Ed0yXb8pAByGWo/k5YYdYgpY2/2EsOsksJrq7lOHxryrVOn1ejG6oAp8ahvOIQD8sw==

picomatch@^2.3.1:
  version "2.3.1"
  resolved "https://registry.yarnpkg.com/picomatch/-/picomatch-2.3.1.tgz#3ba3833733646d9d3e4995946c1365a67fb07a42"
  integrity sha512-JU3teHTNjmE2VCGFzuY8EXzCDVwEqB2a8fsIvwaStHhAWJEeVd1o1QD80CU6+ZdEXXSLbSsuLwJjkCBWqRQUVA==

resolve@^1.22.1:
  version "1.22.8"
  resolved "https://registry.yarnpkg.com/resolve/-/resolve-1.22.8.tgz#b6c87a9f2aa06dfab52e3d70ac8cde321fa5a48d"
  integrity sha512-oKWePCxqpd6FlLvGV1VU0x7bkPmmCNolxzjMf4NczoDnQcIWrAF+cPtZn5i6n+RfD2d9i0tzpKnG6Yk168yIyw==
  dependencies:
    is-core-module "^2.13.0"
    path-parse "^1.0.7"
    supports-preserve-symlinks-flag "^1.0.0"

rollup@^4.11.0:
  version "4.11.0"
  resolved "https://registry.yarnpkg.com/rollup/-/rollup-4.11.0.tgz#28f28d8f8660facfed001b512d3cfda8c0dc09b6"
  integrity sha512-2xIbaXDXjf3u2tajvA5xROpib7eegJ9Y/uPlSFhXLNpK9ampCczXAhLEb5yLzJyG3LAdI1NWtNjDXiLyniNdjQ==
  dependencies:
    "@types/estree" "1.0.5"
  optionalDependencies:
    "@rollup/rollup-android-arm-eabi" "4.11.0"
    "@rollup/rollup-android-arm64" "4.11.0"
    "@rollup/rollup-darwin-arm64" "4.11.0"
    "@rollup/rollup-darwin-x64" "4.11.0"
    "@rollup/rollup-linux-arm-gnueabihf" "4.11.0"
    "@rollup/rollup-linux-arm64-gnu" "4.11.0"
    "@rollup/rollup-linux-arm64-musl" "4.11.0"
    "@rollup/rollup-linux-riscv64-gnu" "4.11.0"
    "@rollup/rollup-linux-x64-gnu" "4.11.0"
    "@rollup/rollup-linux-x64-musl" "4.11.0"
    "@rollup/rollup-win32-arm64-msvc" "4.11.0"
    "@rollup/rollup-win32-ia32-msvc" "4.11.0"
    "@rollup/rollup-win32-x64-msvc" "4.11.0"
    fsevents "~2.3.2"

supports-preserve-symlinks-flag@^1.0.0:
  version "1.0.0"
  resolved "https://registry.yarnpkg.com/supports-preserve-symlinks-flag/-/supports-preserve-symlinks-flag-1.0.0.tgz#6eda4bd344a3c94aea376d4cc31bc77311039e09"
  integrity sha512-ot0WnXS9fgdkgIcePe6RHNk1WA8+muPa6cSjeR3V8K27q9BB1rTE3R1p7Hv0z1ZyAc8s6Vvv8DIyWf681MAt0w==
